
Microsoft Visual Studio Solution File, Format Version 12.00
# Visual Studio 15
VisualStudioVersion = 15.0.27004.2006
MinimumVisualStudioVersion = 10.0.40219.1
Project("{FAE04EC0-301F-11D3-BF4B-00C04F79EFBC}") = "ConsoleApp1", "ConsoleApp1\ConsoleApp1.csproj", "{394615FB-8C25-485D-9BC3-4CF4E990E70D}"
EndProject
Global
	GlobalSection(SolutionConfigurationPlatforms) = preSolution
		Debug|Any CPU = Debug|Any CPU
		Release|Any CPU = Release|Any CPU
	EndGlobalSection
	GlobalSection(ProjectConfigurationPlatforms) = postSolution
		{394615FB-8C25-485D-9BC3-4CF4E990E70D}.Debug|Any CPU.ActiveCfg = Debug|Any CPU
		{394615FB-8C25-485D-9BC3-4CF4E990E70D}.Debug|Any CPU.Build.0 = Debug|Any CPU
		{394615FB-8C25-485D-9BC3-4CF4E990E70D}.Release|Any CPU.ActiveCfg = Release|Any CPU
		{394615FB-8C25-485D-9BC3-4CF4E990E70D}.Release|Any CPU.Build.0 = Release|Any CPU
	EndGlobalSection
	GlobalSection(SolutionProperties) = preSolution
		HideSolutionNode = FALSE
	EndGlobalSection
	GlobalSection(ExtensibilityGlobals) = postSolution
		SolutionGuid = {6AC85938-4C0F-4B7C-8431-26F5EBAAD9B8}
	EndGlobalSection
EndGlobal
